Microsoft Visual Studio Solution File, Format Version 12.00
# Visual Studio 14
VisualStudioVersion = 14.0.25420.1
MinimumVisualStudioVersion = 10.0.40219.1
Project("{FAE04EC0-301F-11D3-BF4B-00C04F79EFBC}") = "StateMachine", "StateMachine\StateMachine.csproj", "{D4036361-B824-48E8-895A-64361498D8D8}"
EndProject
Project("{FAE04EC0-301F-11D3-BF4B-00C04F79EFBC}") = "Test", "Test\Test.csproj", "{2417D819-DC21-4469-B2B8-2B9BD34CA8ED}"
EndProject
Project("{FAE04EC0-301F-11D3-BF4B-00C04F79EFBC}") = "Holofunkinect", "Holofunkinect\Holofunkinect.csproj", "{50802351-E7C9-42C2-9B04-CE9A1EC01026}"
EndProject
Project("{FAE04EC0-301F-11D3-BF4B-00C04F79EFBC}") = "HolofunkBass", "HolofunkBass\HolofunkBass.csproj", "{7A5384AA-2C47-4CFC-B7F2-3D6718D73E01}"
EndProject
Project("{FAE04EC0-301F-11D3-BF4B-00C04F79EFBC}") = "Holofunk", "Holofunk\Holofunk\Holofunk.csproj", "{7330B0F1-AAC2-492C-AC34-E3AD0BBEBF15}"
EndProject
Project("{FAE04EC0-301F-11D3-BF4B-00C04F79EFBC}") = "SceneGraph", "SceneGraph\SceneGraph.csproj", "{77534FE6-6875-4587-8FA3-714A5BE2FF5A}"
EndProject
Project("{FAE04EC0-301F-11D3-BF4B-00C04F79EFBC}") = "Core", "Core\Core.csproj", "{4D27C3DE-1DA1-4BD8-88D6-0621DFEE82E5}"
EndProject
Project("{FAE04EC0-301F-11D3-BF4B-00C04F79EFBC}") = "VSUnitTests", "VSUnitTests\VSUnitTests.csproj", "{92D443CE-D7B3-4402-BFB6-C5C897FC9C2A}"
EndProject
Project("{2150E333-8FDC-42A3-9474-1A3956D46DE8}") = ".nuget", ".nuget", "{BF7D6703-EB78-478D-9B4F-9984597A338F}"
	ProjectSection(SolutionItems) = preProject
		.nuget\NuGet.Config = .nuget\NuGet.Config
		.nuget\NuGet.exe = .nuget\NuGet.exe
		.nuget\NuGet.targets = .nuget\NuGet.targets
	EndProjectSection
EndProject
Project("{8BC9CEB8-8B4A-11D0-8D11-00A0C91BC942}") = "BassVst", "BassVst\BassVst.vcxproj", "{E0B09A96-4F7C-409E-AB30-0B06D9CC32BA}"
EndProject
Project("{FAE04EC0-301F-11D3-BF4B-00C04F79EFBC}") = "FNATest", "FNATest\FNATest.csproj", "{D16D6B6E-CED2-4736-9E05-9C3FDDA4360E}"
EndProject
Global
	GlobalSection(SolutionConfigurationPlatforms) = preSolution
		Debug|Any CPU = Debug|Any CPU
		Debug|Mixed Platforms = Debug|Mixed Platforms
		Debug|Win32 = Debug|Win32
		Debug|x64 = Debug|x64
		Debug|x86 = Debug|x86
		Debug|Xbox 360 = Debug|Xbox 360
		Release|Any CPU = Release|Any CPU
		Release|Mixed Platforms = Release|Mixed Platforms
		Release|Win32 = Release|Win32
		Release|x64 = Release|x64
		Release|x86 = Release|x86
		Release|Xbox 360 = Release|Xbox 360
	EndGlobalSection
	GlobalSection(ProjectConfigurationPlatforms) = postSolution
		{D4036361-B824-48E8-895A-64361498D8D8}.Debug|Any CPU.ActiveCfg = Debug|Any CPU
		{D4036361-B824-48E8-895A-64361498D8D8}.Debug|Any CPU.Build.0 = Debug|Any CPU
		{D4036361-B824-48E8-895A-64361498D8D8}.Debug|Mixed Platforms.ActiveCfg = Debug|x64
		{D4036361-B824-48E8-895A-64361498D8D8}.Debug|Mixed Platforms.Build.0 = Debug|x64
		{D4036361-B824-48E8-895A-64361498D8D8}.Debug|Win32.ActiveCfg = Debug|Any CPU
		{D4036361-B824-48E8-895A-64361498D8D8}.Debug|x64.ActiveCfg = Debug|x64
		{D4036361-B824-48E8-895A-64361498D8D8}.Debug|x64.Build.0 = Debug|x64
		{D4036361-B824-48E8-895A-64361498D8D8}.Debug|x86.ActiveCfg = Debug|Any CPU
		{D4036361-B824-48E8-895A-64361498D8D8}.Debug|x86.Build.0 = Debug|Any CPU
		{D4036361-B824-48E8-895A-64361498D8D8}.Debug|Xbox 360.ActiveCfg = Debug|Any CPU
		{D4036361-B824-48E8-895A-64361498D8D8}.Release|Any CPU.ActiveCfg = Release|Any CPU
		{D4036361-B824-48E8-895A-64361498D8D8}.Release|Any CPU.Build.0 = Release|Any CPU
		{D4036361-B824-48E8-895A-64361498D8D8}.Release|Mixed Platforms.ActiveCfg = Release|x64
		{D4036361-B824-48E8-895A-64361498D8D8}.Release|Mixed Platforms.Build.0 = Release|x64
		{D4036361-B824-48E8-895A-64361498D8D8}.Release|Win32.ActiveCfg = Release|Any CPU
		{D4036361-B824-48E8-895A-64361498D8D8}.Release|x64.ActiveCfg = Release|x64
		{D4036361-B824-48E8-895A-64361498D8D8}.Release|x64.Build.0 = Release|x64
		{D4036361-B824-48E8-895A-64361498D8D8}.Release|x86.ActiveCfg = Release|Any CPU
		{D4036361-B824-48E8-895A-64361498D8D8}.Release|x86.Build.0 = Release|Any CPU
		{D4036361-B824-48E8-895A-64361498D8D8}.Release|Xbox 360.ActiveCfg = Release|Any CPU
		{2417D819-DC21-4469-B2B8-2B9BD34CA8ED}.Debug|Any CPU.ActiveCfg = Debug|Any CPU
		{2417D819-DC21-4469-B2B8-2B9BD34CA8ED}.Debug|Any CPU.Build.0 = Debug|Any CPU
		{2417D819-DC21-4469-B2B8-2B9BD34CA8ED}.Debug|Mixed Platforms.ActiveCfg = Debug|x64
		{2417D819-DC21-4469-B2B8-2B9BD34CA8ED}.Debug|Mixed Platforms.Build.0 = Debug|x64
		{2417D819-DC21-4469-B2B8-2B9BD34CA8ED}.Debug|Win32.ActiveCfg = Debug|Any CPU
		{2417D819-DC21-4469-B2B8-2B9BD34CA8ED}.Debug|x64.ActiveCfg = Debug|x64
		{2417D819-DC21-4469-B2B8-2B9BD34CA8ED}.Debug|x64.Build.0 = Debug|x64
		{2417D819-DC21-4469-B2B8-2B9BD34CA8ED}.Debug|x86.ActiveCfg = Debug|Any CPU
		{2417D819-DC21-4469-B2B8-2B9BD34CA8ED}.Debug|x86.Build.0 = Debug|Any CPU
		{2417D819-DC21-4469-B2B8-2B9BD34CA8ED}.Debug|Xbox 360.ActiveCfg = Debug|Any CPU
		{2417D819-DC21-4469-B2B8-2B9BD34CA8ED}.Release|Any CPU.ActiveCfg = Release|Any CPU
		{2417D819-DC21-4469-B2B8-2B9BD34CA8ED}.Release|Any CPU.Build.0 = Release|Any CPU
		{2417D819-DC21-4469-B2B8-2B9BD34CA8ED}.Release|Mixed Platforms.ActiveCfg = Release|x64
		{2417D819-DC21-4469-B2B8-2B9BD34CA8ED}.Release|Mixed Platforms.Build.0 = Release|x64
		{2417D819-DC21-4469-B2B8-2B9BD34CA8ED}.Release|Win32.ActiveCfg = Release|Any CPU
		{2417D819-DC21-4469-B2B8-2B9BD34CA8ED}.Release|x64.ActiveCfg = Release|x64
		{2417D819-DC21-4469-B2B8-2B9BD34CA8ED}.Release|x64.Build.0 = Release|x64
		{2417D819-DC21-4469-B2B8-2B9BD34CA8ED}.Release|x86.ActiveCfg = Release|Any CPU
		{2417D819-DC21-4469-B2B8-2B9BD34CA8ED}.Release|x86.Build.0 = Release|Any CPU
		{2417D819-DC21-4469-B2B8-2B9BD34CA8ED}.Release|Xbox 360.ActiveCfg = Release|Any CPU
		{50802351-E7C9-42C2-9B04-CE9A1EC01026}.Debug|Any CPU.ActiveCfg = Debug|Any CPU
		{50802351-E7C9-42C2-9B04-CE9A1EC01026}.Debug|Any CPU.Build.0 = Debug|Any CPU
		{50802351-E7C9-42C2-9B04-CE9A1EC01026}.Debug|Mixed Platforms.ActiveCfg = Debug|x64
		{50802351-E7C9-42C2-9B04-CE9A1EC01026}.Debug|Mixed Platforms.Build.0 = Debug|x64
		{50802351-E7C9-42C2-9B04-CE9A1EC01026}.Debug|Win32.ActiveCfg = Debug|Any CPU
		{50802351-E7C9-42C2-9B04-CE9A1EC01026}.Debug|x64.ActiveCfg = Debug|x64
		{50802351-E7C9-42C2-9B04-CE9A1EC01026}.Debug|x64.Build.0 = Debug|x64
		{50802351-E7C9-42C2-9B04-CE9A1EC01026}.Debug|x86.ActiveCfg = Debug|Any CPU
		{50802351-E7C9-42C2-9B04-CE9A1EC01026}.Debug|x86.Build.0 = Debug|Any CPU
		{50802351-E7C9-42C2-9B04-CE9A1EC01026}.Debug|Xbox 360.ActiveCfg = Debug|Any CPU
		{50802351-E7C9-42C2-9B04-CE9A1EC01026}.Release|Any CPU.ActiveCfg = Release|Any CPU
		{50802351-E7C9-42C2-9B04-CE9A1EC01026}.Release|Any CPU.Build.0 = Release|Any CPU
		{50802351-E7C9-42C2-9B04-CE9A1EC01026}.Release|Mixed Platforms.ActiveCfg = Release|x64
		{50802351-E7C9-42C2-9B04-CE9A1EC01026}.Release|Mixed Platforms.Build.0 = Release|x64
		{50802351-E7C9-42C2-9B04-CE9A1EC01026}.Release|Win32.ActiveCfg = Release|Any CPU
		{50802351-E7C9-42C2-9B04-CE9A1EC01026}.Release|x64.ActiveCfg = Release|x64
		{50802351-E7C9-42C2-9B04-CE9A1EC01026}.Release|x64.Build.0 = Release|x64
		{50802351-E7C9-42C2-9B04-CE9A1EC01026}.Release|x86.ActiveCfg = Release|Any CPU
		{50802351-E7C9-42C2-9B04-CE9A1EC01026}.Release|x86.Build.0 = Release|Any CPU
		{50802351-E7C9-42C2-9B04-CE9A1EC01026}.Release|Xbox 360.ActiveCfg = Release|Any CPU
		{7A5384AA-2C47-4CFC-B7F2-3D6718D73E01}.Debug|Any CPU.ActiveCfg = Debug|Any CPU
		{7A5384AA-2C47-4CFC-B7F2-3D6718D73E01}.Debug|Any CPU.Build.0 = Debug|Any CPU
		{7A5384AA-2C47-4CFC-B7F2-3D6718D73E01}.Debug|Mixed Platforms.ActiveCfg = Debug|x64
		{7A5384AA-2C47-4CFC-B7F2-3D6718D73E01}.Debug|Mixed Platforms.Build.0 = Debug|x64
		{7A5384AA-2C47-4CFC-B7F2-3D6718D73E01}.Debug|Win32.ActiveCfg = Debug|Any CPU
		{7A5384AA-2C47-4CFC-B7F2-3D6718D73E01}.Debug|x64.ActiveCfg = Debug|x64
		{7A5384AA-2C47-4CFC-B7F2-3D6718D73E01}.Debug|x64.Build.0 = Debug|x64
		{7A5384AA-2C47-4CFC-B7F2-3D6718D73E01}.Debug|x86.ActiveCfg = Debug|Any CPU
		{7A5384AA-2C47-4CFC-B7F2-3D6718D73E01}.Debug|x86.Build.0 = Debug|Any CPU
		{7A5384AA-2C47-4CFC-B7F2-3D6718D73E01}.Debug|Xbox 360.ActiveCfg = Debug|Any CPU
		{7A5384AA-2C47-4CFC-B7F2-3D6718D73E01}.Release|Any CPU.ActiveCfg = Release|Any CPU
		{7A5384AA-2C47-4CFC-B7F2-3D6718D73E01}.Release|Any CPU.Build.0 = Release|Any CPU
		{7A5384AA-2C47-4CFC-B7F2-3D6718D73E01}.Release|Mixed Platforms.ActiveCfg = Release|x64
		{7A5384AA-2C47-4CFC-B7F2-3D6718D73E01}.Release|Mixed Platforms.Build.0 = Release|x64
		{7A5384AA-2C47-4CFC-B7F2-3D6718D73E01}.Release|Win32.ActiveCfg = Release|Any CPU
		{7A5384AA-2C47-4CFC-B7F2-3D6718D73E01}.Release|x64.ActiveCfg = Release|x64
		{7A5384AA-2C47-4CFC-B7F2-3D6718D73E01}.Release|x64.Build.0 = Release|x64
		{7A5384AA-2C47-4CFC-B7F2-3D6718D73E01}.Release|x86.ActiveCfg = Release|Any CPU
		{7A5384AA-2C47-4CFC-B7F2-3D6718D73E01}.Release|x86.Build.0 = Release|Any CPU
		{7A5384AA-2C47-4CFC-B7F2-3D6718D73E01}.Release|Xbox 360.ActiveCfg = Release|Any CPU
		{7330B0F1-AAC2-492C-AC34-E3AD0BBEBF15}.Debug|Any CPU.ActiveCfg = Debug|x86
		{7330B0F1-AAC2-492C-AC34-E3AD0BBEBF15}.Debug|Mixed Platforms.ActiveCfg = Debug|x64
		{7330B0F1-AAC2-492C-AC34-E3AD0BBEBF15}.Debug|Mixed Platforms.Build.0 = Debug|x64
		{7330B0F1-AAC2-492C-AC34-E3AD0BBEBF15}.Debug|Win32.ActiveCfg = Debug|x86
		{7330B0F1-AAC2-492C-AC34-E3AD0BBEBF15}.Debug|Win32.Build.0 = Debug|x86
		{7330B0F1-AAC2-492C-AC34-E3AD0BBEBF15}.Debug|x64.ActiveCfg = Debug|x64
		{7330B0F1-AAC2-492C-AC34-E3AD0BBEBF15}.Debug|x64.Build.0 = Debug|x64
		{7330B0F1-AAC2-492C-AC34-E3AD0BBEBF15}.Debug|x86.ActiveCfg = Debug|x86
		{7330B0F1-AAC2-492C-AC34-E3AD0BBEBF15}.Debug|x86.Build.0 = Debug|x86
		{7330B0F1-AAC2-492C-AC34-E3AD0BBEBF15}.Debug|Xbox 360.ActiveCfg = Debug|x86
		{7330B0F1-AAC2-492C-AC34-E3AD0BBEBF15}.Release|Any CPU.ActiveCfg = Release|x86
		{7330B0F1-AAC2-492C-AC34-E3AD0BBEBF15}.Release|Mixed Platforms.ActiveCfg = Release|x64
		{7330B0F1-AAC2-492C-AC34-E3AD0BBEBF15}.Release|Mixed Platforms.Build.0 = Release|x64
		{7330B0F1-AAC2-492C-AC34-E3AD0BBEBF15}.Release|Win32.ActiveCfg = Release|x86
		{7330B0F1-AAC2-492C-AC34-E3AD0BBEBF15}.Release|Win32.Build.0 = Release|x86
		{7330B0F1-AAC2-492C-AC34-E3AD0BBEBF15}.Release|x64.ActiveCfg = Release|x64
		{7330B0F1-AAC2-492C-AC34-E3AD0BBEBF15}.Release|x64.Build.0 = Release|x64
		{7330B0F1-AAC2-492C-AC34-E3AD0BBEBF15}.Release|x86.ActiveCfg = Release|x86
		{7330B0F1-AAC2-492C-AC34-E3AD0BBEBF15}.Release|x86.Build.0 = Release|x86
		{7330B0F1-AAC2-492C-AC34-E3AD0BBEBF15}.Release|Xbox 360.ActiveCfg = Release|x86
		{77534FE6-6875-4587-8FA3-714A5BE2FF5A}.Debug|Any CPU.ActiveCfg = Debug|x86
		{77534FE6-6875-4587-8FA3-714A5BE2FF5A}.Debug|Mixed Platforms.ActiveCfg = Debug|x64
		{77534FE6-6875-4587-8FA3-714A5BE2FF5A}.Debug|Mixed Platforms.Build.0 = Debug|x64
		{77534FE6-6875-4587-8FA3-714A5BE2FF5A}.Debug|Win32.ActiveCfg = Debug|x86
		{77534FE6-6875-4587-8FA3-714A5BE2FF5A}.Debug|Win32.Build.0 = Debug|x86
		{77534FE6-6875-4587-8FA3-714A5BE2FF5A}.Debug|x64.ActiveCfg = Debug|x64
		{77534FE6-6875-4587-8FA3-714A5BE2FF5A}.Debug|x64.Build.0 = Debug|x64
		{77534FE6-6875-4587-8FA3-714A5BE2FF5A}.Debug|x86.ActiveCfg = Debug|x86
		{77534FE6-6875-4587-8FA3-714A5BE2FF5A}.Debug|x86.Build.0 = Debug|x86
		{77534FE6-6875-4587-8FA3-714A5BE2FF5A}.Debug|Xbox 360.ActiveCfg = Debug|x86
		{77534FE6-6875-4587-8FA3-714A5BE2FF5A}.Release|Any CPU.ActiveCfg = Release|x86
		{77534FE6-6875-4587-8FA3-714A5BE2FF5A}.Release|Mixed Platforms.ActiveCfg = Release|x64
		{77534FE6-6875-4587-8FA3-714A5BE2FF5A}.Release|Mixed Platforms.Build.0 = Release|x64
		{77534FE6-6875-4587-8FA3-714A5BE2FF5A}.Release|Win32.ActiveCfg = Release|x86
		{77534FE6-6875-4587-8FA3-714A5BE2FF5A}.Release|Win32.Build.0 = Release|x86
		{77534FE6-6875-4587-8FA3-714A5BE2FF5A}.Release|x64.ActiveCfg = Release|x64
		{77534FE6-6875-4587-8FA3-714A5BE2FF5A}.Release|x64.Build.0 = Release|x64
		{77534FE6-6875-4587-8FA3-714A5BE2FF5A}.Release|x86.ActiveCfg = Release|x86
		{77534FE6-6875-4587-8FA3-714A5BE2FF5A}.Release|x86.Build.0 = Release|x86
		{77534FE6-6875-4587-8FA3-714A5BE2FF5A}.Release|Xbox 360.ActiveCfg = Release|x86
		{4D27C3DE-1DA1-4BD8-88D6-0621DFEE82E5}.Debug|Any CPU.ActiveCfg = Debug|x86
		{4D27C3DE-1DA1-4BD8-88D6-0621DFEE82E5}.Debug|Mixed Platforms.ActiveCfg = Debug|x64
		{4D27C3DE-1DA1-4BD8-88D6-0621DFEE82E5}.Debug|Mixed Platforms.Build.0 = Debug|x64
		{4D27C3DE-1DA1-4BD8-88D6-0621DFEE82E5}.Debug|Win32.ActiveCfg = Debug|x86
		{4D27C3DE-1DA1-4BD8-88D6-0621DFEE82E5}.Debug|Win32.Build.0 = Debug|x86
		{4D27C3DE-1DA1-4BD8-88D6-0621DFEE82E5}.Debug|x64.ActiveCfg = Debug|x64
		{4D27C3DE-1DA1-4BD8-88D6-0621DFEE82E5}.Debug|x64.Build.0 = Debug|x64
		{4D27C3DE-1DA1-4BD8-88D6-0621DFEE82E5}.Debug|x86.ActiveCfg = Debug|x86
		{4D27C3DE-1DA1-4BD8-88D6-0621DFEE82E5}.Debug|x86.Build.0 = Debug|x86
		{4D27C3DE-1DA1-4BD8-88D6-0621DFEE82E5}.Debug|Xbox 360.ActiveCfg = Debug|x86
		{4D27C3DE-1DA1-4BD8-88D6-0621DFEE82E5}.Release|Any CPU.ActiveCfg = Release|x86
		{4D27C3DE-1DA1-4BD8-88D6-0621DFEE82E5}.Release|Mixed Platforms.ActiveCfg = Release|x64
		{4D27C3DE-1DA1-4BD8-88D6-0621DFEE82E5}.Release|Mixed Platforms.Build.0 = Release|x64
		{4D27C3DE-1DA1-4BD8-88D6-0621DFEE82E5}.Release|Win32.ActiveCfg = Release|x86
		{4D27C3DE-1DA1-4BD8-88D6-0621DFEE82E5}.Release|Win32.Build.0 = Release|x86
		{4D27C3DE-1DA1-4BD8-88D6-0621DFEE82E5}.Release|x64.ActiveCfg = Release|x64
		{4D27C3DE-1DA1-4BD8-88D6-0621DFEE82E5}.Release|x86.ActiveCfg = Release|x86
		{4D27C3DE-1DA1-4BD8-88D6-0621DFEE82E5}.Release|x86.Build.0 = Release|x86
		{4D27C3DE-1DA1-4BD8-88D6-0621DFEE82E5}.Release|Xbox 360.ActiveCfg = Release|x86
		{92D443CE-D7B3-4402-BFB6-C5C897FC9C2A}.Debug|Any CPU.ActiveCfg = Debug|Any CPU
		{92D443CE-D7B3-4402-BFB6-C5C897FC9C2A}.Debug|Any CPU.Build.0 = Debug|Any CPU
		{92D443CE-D7B3-4402-BFB6-C5C897FC9C2A}.Debug|Mixed Platforms.ActiveCfg = Debug|x64
		{92D443CE-D7B3-4402-BFB6-C5C897FC9C2A}.Debug|Mixed Platforms.Build.0 = Debug|x64
		{92D443CE-D7B3-4402-BFB6-C5C897FC9C2A}.Debug|Win32.ActiveCfg = Debug|Any CPU
		{92D443CE-D7B3-4402-BFB6-C5C897FC9C2A}.Debug|x64.ActiveCfg = Debug|x64
		{92D443CE-D7B3-4402-BFB6-C5C897FC9C2A}.Debug|x64.Build.0 = Debug|x64
		{92D443CE-D7B3-4402-BFB6-C5C897FC9C2A}.Debug|x86.ActiveCfg = Debug|Any CPU
		{92D443CE-D7B3-4402-BFB6-C5C897FC9C2A}.Debug|Xbox 360.ActiveCfg = Debug|Any CPU
		{92D443CE-D7B3-4402-BFB6-C5C897FC9C2A}.Release|Any CPU.ActiveCfg = Release|Any CPU
		{92D443CE-D7B3-4402-BFB6-C5C897FC9C2A}.Release|Any CPU.Build.0 = Release|Any CPU
		{92D443CE-D7B3-4402-BFB6-C5C897FC9C2A}.Release|Mixed Platforms.ActiveCfg = Release|x64
		{92D443CE-D7B3-4402-BFB6-C5C897FC9C2A}.Release|Mixed Platforms.Build.0 = Release|x64
		{92D443CE-D7B3-4402-BFB6-C5C897FC9C2A}.Release|Win32.ActiveCfg = Release|Any CPU
		{92D443CE-D7B3-4402-BFB6-C5C897FC9C2A}.Release|x64.ActiveCfg = Release|x64
		{92D443CE-D7B3-4402-BFB6-C5C897FC9C2A}.Release|x64.Build.0 = Release|x64
		{92D443CE-D7B3-4402-BFB6-C5C897FC9C2A}.Release|x86.ActiveCfg = Release|Any CPU
		{92D443CE-D7B3-4402-BFB6-C5C897FC9C2A}.Release|Xbox 360.ActiveCfg = Release|Any CPU
		{E0B09A96-4F7C-409E-AB30-0B06D9CC32BA}.Debug|Any CPU.ActiveCfg = Debug|Win32
		{E0B09A96-4F7C-409E-AB30-0B06D9CC32BA}.Debug|Mixed Platforms.ActiveCfg = Debug|Win32
		{E0B09A96-4F7C-409E-AB30-0B06D9CC32BA}.Debug|Win32.ActiveCfg = Debug|Win32
		{E0B09A96-4F7C-409E-AB30-0B06D9CC32BA}.Debug|Win32.Build.0 = Debug|Win32
		{E0B09A96-4F7C-409E-AB30-0B06D9CC32BA}.Debug|x64.ActiveCfg = Debug|x64
		{E0B09A96-4F7C-409E-AB30-0B06D9CC32BA}.Debug|x64.Build.0 = Debug|x64
		{E0B09A96-4F7C-409E-AB30-0B06D9CC32BA}.Debug|x86.ActiveCfg = Debug|Win32
		{E0B09A96-4F7C-409E-AB30-0B06D9CC32BA}.Debug|x86.Build.0 = Debug|Win32
		{E0B09A96-4F7C-409E-AB30-0B06D9CC32BA}.Debug|Xbox 360.ActiveCfg = Debug|Win32
		{E0B09A96-4F7C-409E-AB30-0B06D9CC32BA}.Release|Any CPU.ActiveCfg = Release|Win32
		{E0B09A96-4F7C-409E-AB30-0B06D9CC32BA}.Release|Mixed Platforms.ActiveCfg = Release|Win32
		{E0B09A96-4F7C-409E-AB30-0B06D9CC32BA}.Release|Mixed Platforms.Build.0 = Release|Win32
		{E0B09A96-4F7C-409E-AB30-0B06D9CC32BA}.Release|Win32.ActiveCfg = Release|Win32
		{E0B09A96-4F7C-409E-AB30-0B06D9CC32BA}.Release|Win32.Build.0 = Release|Win32
		{E0B09A96-4F7C-409E-AB30-0B06D9CC32BA}.Release|x64.ActiveCfg = Release|x64
		{E0B09A96-4F7C-409E-AB30-0B06D9CC32BA}.Release|x64.Build.0 = Release|x64
		{E0B09A96-4F7C-409E-AB30-0B06D9CC32BA}.Release|x86.ActiveCfg = Release|Win32
		{E0B09A96-4F7C-409E-AB30-0B06D9CC32BA}.Release|x86.Build.0 = Release|Win32
		{E0B09A96-4F7C-409E-AB30-0B06D9CC32BA}.Release|Xbox 360.ActiveCfg = Release|Win32
		{D16D6B6E-CED2-4736-9E05-9C3FDDA4360E}.Debug|Any CPU.ActiveCfg = Debug|Any CPU
		{D16D6B6E-CED2-4736-9E05-9C3FDDA4360E}.Debug|Any CPU.Build.0 = Debug|Any CPU
		{D16D6B6E-CED2-4736-9E05-9C3FDDA4360E}.Debug|Mixed Platforms.ActiveCfg = Debug|Any CPU
		{D16D6B6E-CED2-4736-9E05-9C3FDDA4360E}.Debug|Mixed Platforms.Build.0 = Debug|Any CPU
		{D16D6B6E-CED2-4736-9E05-9C3FDDA4360E}.Debug|Win32.ActiveCfg = Debug|Any CPU
		{D16D6B6E-CED2-4736-9E05-9C3FDDA4360E}.Debug|Win32.Build.0 = Debug|Any CPU
		{D16D6B6E-CED2-4736-9E05-9C3FDDA4360E}.Debug|x64.ActiveCfg = Debug|Any CPU
		{D16D6B6E-CED2-4736-9E05-9C3FDDA4360E}.Debug|x64.Build.0 = Debug|Any CPU
		{D16D6B6E-CED2-4736-9E05-9C3FDDA4360E}.Debug|x86.ActiveCfg = Debug|Any CPU
		{D16D6B6E-CED2-4736-9E05-9C3FDDA4360E}.Debug|x86.Build.0 = Debug|Any CPU
		{D16D6B6E-CED2-4736-9E05-9C3FDDA4360E}.Debug|Xbox 360.ActiveCfg = Debug|Any CPU
		{D16D6B6E-CED2-4736-9E05-9C3FDDA4360E}.Debug|Xbox 360.Build.0 = Debug|Any CPU
		{D16D6B6E-CED2-4736-9E05-9C3FDDA4360E}.Release|Any CPU.ActiveCfg = Release|Any CPU
		{D16D6B6E-CED2-4736-9E05-9C3FDDA4360E}.Release|Any CPU.Build.0 = Release|Any CPU
		{D16D6B6E-CED2-4736-9E05-9C3FDDA4360E}.Release|Mixed Platforms.ActiveCfg = Release|Any CPU
		{D16D6B6E-CED2-4736-9E05-9C3FDDA4360E}.Release|Mixed Platforms.Build.0 = Release|Any CPU
		{D16D6B6E-CED2-4736-9E05-9C3FDDA4360E}.Release|Win32.ActiveCfg = Release|Any CPU
		{D16D6B6E-CED2-4736-9E05-9C3FDDA4360E}.Release|Win32.Build.0 = Release|Any CPU
		{D16D6B6E-CED2-4736-9E05-9C3FDDA4360E}.Release|x64.ActiveCfg = Release|Any CPU
		{D16D6B6E-CED2-4736-9E05-9C3FDDA4360E}.Release|x64.Build.0 = Release|Any CPU
		{D16D6B6E-CED2-4736-9E05-9C3FDDA4360E}.Release|x86.ActiveCfg = Release|Any CPU
		{D16D6B6E-CED2-4736-9E05-9C3FDDA4360E}.Release|x86.Build.0 = Release|Any CPU
		{D16D6B6E-CED2-4736-9E05-9C3FDDA4360E}.Release|Xbox 360.ActiveCfg = Release|Any CPU
		{D16D6B6E-CED2-4736-9E05-9C3FDDA4360E}.Release|Xbox 360.Build.0 = Release|Any CPU
	EndGlobalSection
	GlobalSection(SolutionProperties) = preSolution
		HideSolutionNode = FALSE
	EndGlobalSection
EndGlobal
